
Microsoft Visual Studio Solution File, Format Version 12.00
# Visual Studio Version 16
VisualStudioVersion = 16.0.31112.23
MinimumVisualStudioVersion = 10.0.40219.1
Project("{FAE04EC0-301F-11D3-BF4B-00C04F79EFBC}") = "Modbus Client", "Modbus Client\Modbus Client.csproj", "{23BDDBA6-5FCC-4DEC-8E2D-7147F44DEC37}"
EndProject
Global
	GlobalSection(SolutionConfigurationPlatforms) = preSolution
		Debug|Any CPU = Debug|Any CPU
		Release|Any CPU = Release|Any CPU
	EndGlobalSection
	GlobalSection(ProjectConfigurationPlatforms) = postSolution
		{23BDDBA6-5FCC-4DEC-8E2D-7147F44DEC37}.Debug|Any CPU.ActiveCfg = Debug|Any CPU
		{23BDDBA6-5FCC-4DEC-8E2D-7147F44DEC37}.Debug|Any CPU.Build.0 = Debug|Any CPU
		{23BDDBA6-5FCC-4DEC-8E2D-7147F44DEC37}.Release|Any CPU.ActiveCfg = Release|Any CPU
		{23BDDBA6-5FCC-4DEC-8E2D-7147F44DEC37}.Release|Any CPU.Build.0 = Release|Any CPU
	EndGlobalSection
	GlobalSection(SolutionProperties) = preSolution
		HideSolutionNode = FALSE
	EndGlobalSection
	GlobalSection(ExtensibilityGlobals) = postSolution
		SolutionGuid = {685B32DA-0D18-4EA7-AB74-DC7802391194}
	EndGlobalSection
EndGlobal
